
Microsoft Visual Studio Solution File, Format Version 12.00
# Visual Studio 15
VisualStudioVersion = 15.0.26124.0
MinimumVisualStudioVersion = 15.0.26124.0
Project("{2150E333-8FDC-42A3-9474-1A3956D46DE8}") = "app", "app", "{F5D2975E-A724-4D85-A884-0A6693B619D1}"
ProjectSection(SolutionItems) = preProject
	app\Dockerfile = app\Dockerfile
EndProjectSection
EndProject
Project("{FAE04EC0-301F-11D3-BF4B-00C04F79EFBC}") = "DemoApi", "app\DemoApi\DemoApi.csproj", "{0714965A-D4F5-4B05-B674-C30820251D2C}"
EndProject
Project("{FAE04EC0-301F-11D3-BF4B-00C04F79EFBC}") = "Grouchy.Abstractions", "app\Grouchy.Abstractions\Grouchy.Abstractions.csproj", "{7475DCE7-5351-40B9-80D9-C9A511EB778F}"
EndProject
Project("{FAE04EC0-301F-11D3-BF4B-00C04F79EFBC}") = "Grouchy.Metrics", "app\Grouchy.Metrics\Grouchy.Metrics.csproj", "{D504A276-1506-40C4-9D1F-720F89B9C60D}"
EndProject
Project("{FAE04EC0-301F-11D3-BF4B-00C04F79EFBC}") = "Grouchy.Metrics.Tests", "app\Grouchy.Metrics.Tests\Grouchy.Metrics.Tests.csproj", "{D5A5D25E-2E60-41BD-BC0E-951147328A24}"
EndProject
Project("{2150E333-8FDC-42A3-9474-1A3956D46DE8}") = "stub", "stub", "{8216701F-8FB6-4781-8393-3DB153A92E46}"
ProjectSection(SolutionItems) = preProject
	stub\Dockerfile = stub\Dockerfile
EndProjectSection
EndProject
Project("{FAE04EC0-301F-11D3-BF4B-00C04F79EFBC}") = "StubApi", "stub\StubApi\StubApi.csproj", "{4D65C1E9-42EB-4753-BF94-A5339F15F3D7}"
EndProject
Project("{2150E333-8FDC-42A3-9474-1A3956D46DE8}") = "Solution Items", "Solution Items", "{E5F7A243-64D6-4BB8-86BE-40C5EB71A356}"
ProjectSection(SolutionItems) = preProject
	docker-compose.yaml = docker-compose.yaml
	build.ps1 = build.ps1
	README.md = README.md
	.editorconfig = .editorconfig
EndProjectSection
EndProject
Project("{FAE04EC0-301F-11D3-BF4B-00C04F79EFBC}") = "Grouchy.Polly", "app\Grouchy.Polly\Grouchy.Polly.csproj", "{78A38D95-F480-4E5F-B852-31BB91552FB9}"
EndProject
Global
	GlobalSection(SolutionConfigurationPlatforms) = preSolution
		Debug|Any CPU = Debug|Any CPU
		Debug|x64 = Debug|x64
		Debug|x86 = Debug|x86
		Release|Any CPU = Release|Any CPU
		Release|x64 = Release|x64
		Release|x86 = Release|x86
	EndGlobalSection
	GlobalSection(SolutionProperties) = preSolution
		HideSolutionNode = FALSE
	EndGlobalSection
	GlobalSection(ProjectConfigurationPlatforms) = postSolution
		{0714965A-D4F5-4B05-B674-C30820251D2C}.Debug|Any CPU.ActiveCfg = Debug|Any CPU
		{0714965A-D4F5-4B05-B674-C30820251D2C}.Debug|Any CPU.Build.0 = Debug|Any CPU
		{0714965A-D4F5-4B05-B674-C30820251D2C}.Debug|x64.ActiveCfg = Debug|Any CPU
		{0714965A-D4F5-4B05-B674-C30820251D2C}.Debug|x64.Build.0 = Debug|Any CPU
		{0714965A-D4F5-4B05-B674-C30820251D2C}.Debug|x86.ActiveCfg = Debug|Any CPU
		{0714965A-D4F5-4B05-B674-C30820251D2C}.Debug|x86.Build.0 = Debug|Any CPU
		{0714965A-D4F5-4B05-B674-C30820251D2C}.Release|Any CPU.ActiveCfg = Release|Any CPU
		{0714965A-D4F5-4B05-B674-C30820251D2C}.Release|Any CPU.Build.0 = Release|Any CPU
		{0714965A-D4F5-4B05-B674-C30820251D2C}.Release|x64.ActiveCfg = Release|Any CPU
		{0714965A-D4F5-4B05-B674-C30820251D2C}.Release|x64.Build.0 = Release|Any CPU
		{0714965A-D4F5-4B05-B674-C30820251D2C}.Release|x86.ActiveCfg = Release|Any CPU
		{0714965A-D4F5-4B05-B674-C30820251D2C}.Release|x86.Build.0 = Release|Any CPU
		{7475DCE7-5351-40B9-80D9-C9A511EB778F}.Debug|Any CPU.ActiveCfg = Debug|Any CPU
		{7475DCE7-5351-40B9-80D9-C9A511EB778F}.Debug|Any CPU.Build.0 = Debug|Any CPU
		{7475DCE7-5351-40B9-80D9-C9A511EB778F}.Debug|x64.ActiveCfg = Debug|Any CPU
		{7475DCE7-5351-40B9-80D9-C9A511EB778F}.Debug|x64.Build.0 = Debug|Any CPU
		{7475DCE7-5351-40B9-80D9-C9A511EB778F}.Debug|x86.ActiveCfg = Debug|Any CPU
		{7475DCE7-5351-40B9-80D9-C9A511EB778F}.Debug|x86.Build.0 = Debug|Any CPU
		{7475DCE7-5351-40B9-80D9-C9A511EB778F}.Release|Any CPU.ActiveCfg = Release|Any CPU
		{7475DCE7-5351-40B9-80D9-C9A511EB778F}.Release|Any CPU.Build.0 = Release|Any CPU
		{7475DCE7-5351-40B9-80D9-C9A511EB778F}.Release|x64.ActiveCfg = Release|Any CPU
		{7475DCE7-5351-40B9-80D9-C9A511EB778F}.Release|x64.Build.0 = Release|Any CPU
		{7475DCE7-5351-40B9-80D9-C9A511EB778F}.Release|x86.ActiveCfg = Release|Any CPU
		{7475DCE7-5351-40B9-80D9-C9A511EB778F}.Release|x86.Build.0 = Release|Any CPU
		{D504A276-1506-40C4-9D1F-720F89B9C60D}.Debug|Any CPU.ActiveCfg = Debug|Any CPU
		{D504A276-1506-40C4-9D1F-720F89B9C60D}.Debug|Any CPU.Build.0 = Debug|Any CPU
		{D504A276-1506-40C4-9D1F-720F89B9C60D}.Debug|x64.ActiveCfg = Debug|Any CPU
		{D504A276-1506-40C4-9D1F-720F89B9C60D}.Debug|x64.Build.0 = Debug|Any CPU
		{D504A276-1506-40C4-9D1F-720F89B9C60D}.Debug|x86.ActiveCfg = Debug|Any CPU
		{D504A276-1506-40C4-9D1F-720F89B9C60D}.Debug|x86.Build.0 = Debug|Any CPU
		{D504A276-1506-40C4-9D1F-720F89B9C60D}.Release|Any CPU.ActiveCfg = Release|Any CPU
		{D504A276-1506-40C4-9D1F-720F89B9C60D}.Release|Any CPU.Build.0 = Release|Any CPU
		{D504A276-1506-40C4-9D1F-720F89B9C60D}.Release|x64.ActiveCfg = Release|Any CPU
		{D504A276-1506-40C4-9D1F-720F89B9C60D}.Release|x64.Build.0 = Release|Any CPU
		{D504A276-1506-40C4-9D1F-720F89B9C60D}.Release|x86.ActiveCfg = Release|Any CPU
		{D504A276-1506-40C4-9D1F-720F89B9C60D}.Release|x86.Build.0 = Release|Any CPU
		{D5A5D25E-2E60-41BD-BC0E-951147328A24}.Debug|Any CPU.ActiveCfg = Debug|Any CPU
		{D5A5D25E-2E60-41BD-BC0E-951147328A24}.Debug|Any CPU.Build.0 = Debug|Any CPU
		{D5A5D25E-2E60-41BD-BC0E-951147328A24}.Debug|x64.ActiveCfg = Debug|Any CPU
		{D5A5D25E-2E60-41BD-BC0E-951147328A24}.Debug|x64.Build.0 = Debug|Any CPU
		{D5A5D25E-2E60-41BD-BC0E-951147328A24}.Debug|x86.ActiveCfg = Debug|Any CPU
		{D5A5D25E-2E60-41BD-BC0E-951147328A24}.Debug|x86.Build.0 = Debug|Any CPU
		{D5A5D25E-2E60-41BD-BC0E-951147328A24}.Release|Any CPU.ActiveCfg = Release|Any CPU
		{D5A5D25E-2E60-41BD-BC0E-951147328A24}.Release|Any CPU.Build.0 = Release|Any CPU
		{D5A5D25E-2E60-41BD-BC0E-951147328A24}.Release|x64.ActiveCfg = Release|Any CPU
		{D5A5D25E-2E60-41BD-BC0E-951147328A24}.Release|x64.Build.0 = Release|Any CPU
		{D5A5D25E-2E60-41BD-BC0E-951147328A24}.Release|x86.ActiveCfg = Release|Any CPU
		{D5A5D25E-2E60-41BD-BC0E-951147328A24}.Release|x86.Build.0 = Release|Any CPU
		{4D65C1E9-42EB-4753-BF94-A5339F15F3D7}.Debug|Any CPU.ActiveCfg = Debug|Any CPU
		{4D65C1E9-42EB-4753-BF94-A5339F15F3D7}.Debug|Any CPU.Build.0 = Debug|Any CPU
		{4D65C1E9-42EB-4753-BF94-A5339F15F3D7}.Debug|x64.ActiveCfg = Debug|Any CPU
		{4D65C1E9-42EB-4753-BF94-A5339F15F3D7}.Debug|x64.Build.0 = Debug|Any CPU
		{4D65C1E9-42EB-4753-BF94-A5339F15F3D7}.Debug|x86.ActiveCfg = Debug|Any CPU
		{4D65C1E9-42EB-4753-BF94-A5339F15F3D7}.Debug|x86.Build.0 = Debug|Any CPU
		{4D65C1E9-42EB-4753-BF94-A5339F15F3D7}.Release|Any CPU.ActiveCfg = Release|Any CPU
		{4D65C1E9-42EB-4753-BF94-A5339F15F3D7}.Release|Any CPU.Build.0 = Release|Any CPU
		{4D65C1E9-42EB-4753-BF94-A5339F15F3D7}.Release|x64.ActiveCfg = Release|Any CPU
		{4D65C1E9-42EB-4753-BF94-A5339F15F3D7}.Release|x64.Build.0 = Release|Any CPU
		{4D65C1E9-42EB-4753-BF94-A5339F15F3D7}.Release|x86.ActiveCfg = Release|Any CPU
		{4D65C1E9-42EB-4753-BF94-A5339F15F3D7}.Release|x86.Build.0 = Release|Any CPU
		{78A38D95-F480-4E5F-B852-31BB91552FB9}.Debug|Any CPU.ActiveCfg = Debug|Any CPU
		{78A38D95-F480-4E5F-B852-31BB91552FB9}.Debug|Any CPU.Build.0 = Debug|Any CPU
		{78A38D95-F480-4E5F-B852-31BB91552FB9}.Debug|x64.ActiveCfg = Debug|Any CPU
		{78A38D95-F480-4E5F-B852-31BB91552FB9}.Debug|x64.Build.0 = Debug|Any CPU
		{78A38D95-F480-4E5F-B852-31BB91552FB9}.Debug|x86.ActiveCfg = Debug|Any CPU
		{78A38D95-F480-4E5F-B852-31BB91552FB9}.Debug|x86.Build.0 = Debug|Any CPU
		{78A38D95-F480-4E5F-B852-31BB91552FB9}.Release|Any CPU.ActiveCfg = Release|Any CPU
		{78A38D95-F480-4E5F-B852-31BB91552FB9}.Release|Any CPU.Build.0 = Release|Any CPU
		{78A38D95-F480-4E5F-B852-31BB91552FB9}.Release|x64.ActiveCfg = Release|Any CPU
		{78A38D95-F480-4E5F-B852-31BB91552FB9}.Release|x64.Build.0 = Release|Any CPU
		{78A38D95-F480-4E5F-B852-31BB91552FB9}.Release|x86.ActiveCfg = Release|Any CPU
		{78A38D95-F480-4E5F-B852-31BB91552FB9}.Release|x86.Build.0 = Release|Any CPU
	EndGlobalSection
	GlobalSection(NestedProjects) = preSolution
		{0714965A-D4F5-4B05-B674-C30820251D2C} = {F5D2975E-A724-4D85-A884-0A6693B619D1}
		{7475DCE7-5351-40B9-80D9-C9A511EB778F} = {F5D2975E-A724-4D85-A884-0A6693B619D1}
		{D504A276-1506-40C4-9D1F-720F89B9C60D} = {F5D2975E-A724-4D85-A884-0A6693B619D1}
		{D5A5D25E-2E60-41BD-BC0E-951147328A24} = {F5D2975E-A724-4D85-A884-0A6693B619D1}
		{4D65C1E9-42EB-4753-BF94-A5339F15F3D7} = {8216701F-8FB6-4781-8393-3DB153A92E46}
		{78A38D95-F480-4E5F-B852-31BB91552FB9} = {F5D2975E-A724-4D85-A884-0A6693B619D1}
	EndGlobalSection
EndGlobal
